// !$*UTF8*$!
{
	archiveVersion = 1;
	classes = {
	};
	objectVersion = 55;
	objects = {

/* Begin PBXBuildFile section */
		A83A8033271A505200D602CC /* AppDelegate.swift in Sources */ = {isa = PBXBuildFile; fileRef = A83A8032271A505200D602CC /* AppDelegate.swift */; };
		A83A8035271A505200D602CC /* SceneDelegate.swift in Sources */ = {isa = PBXBuildFile; fileRef = A83A8034271A505200D602CC /* SceneDelegate.swift */; };
		A83A8037271A505200D602CC /* PokeApiViewController.swift in Sources */ = {isa = PBXBuildFile; fileRef = A83A8036271A505200D602CC /* PokeApiViewController.swift */; };
		A83A803A271A505200D602CC /* Main.storyboard in Resources */ = {isa = PBXBuildFile; fileRef = A83A8038271A505200D602CC /* Main.storyboard */; };
		A83A803C271A505500D602CC /* Assets.xcassets in Resources */ = {isa = PBXBuildFile; fileRef = A83A803B271A505500D602CC /* Assets.xcassets */; };
		A83A803F271A505500D602CC /* LaunchScreen.storyboard in Resources */ = {isa = PBXBuildFile; fileRef = A83A803D271A505500D602CC /* LaunchScreen.storyboard */; };
		A83A804E271A5AC400D602CC /* ListPokemon.swift in Sources */ = {isa = PBXBuildFile; fileRef = A83A804D271A5AC400D602CC /* ListPokemon.swift */; };
		A83A8050271A5B1800D602CC /* Pokedex.swift in Sources */ = {isa = PBXBuildFile; fileRef = A83A804F271A5B1800D602CC /* Pokedex.swift */; };
		A83A8052271A5B8100D602CC /* ViewModelPokemon.swift in Sources */ = {isa = PBXBuildFile; fileRef = A83A8051271A5B8100D602CC /* ViewModelPokemon.swift */; };
/* End PBXBuildFile section */

/* Begin PBXFileReference section */
		A83A802F271A505200D602CC /* Lab09.app */ = {isa = PBXFileReference; explicitFileType = wrapper.application; includeInIndex = 0; path = Lab09.app; sourceTree = BUILT_PRODUCTS_DIR; };
		A83A8032271A505200D602CC /* AppDelegate.swift */ = {isa = PBXFileReference; lastKnownFileType = sourcecode.swift; path = AppDelegate.swift; sourceTree = "<group>"; };
		A83A8034271A505200D602CC /* SceneDelegate.swift */ = {isa = PBXFileReference; lastKnownFileType = sourcecode.swift; path = SceneDelegate.swift; sourceTree = "<group>"; };
		A83A8036271A505200D602CC /* PokeApiViewController.swift */ = {isa = PBXFileReference; lastKnownFileType = sourcecode.swift; path = PokeApiViewController.swift; sourceTree = "<group>"; };
		A83A8039271A505200D602CC /* Base */ = {isa = PBXFileReference; lastKnownFileType = file.storyboard; name = Base; path = Base.lproj/Main.storyboard; sourceTree = "<group>"; };
		A83A803B271A505500D602CC /* Assets.xcassets */ = {isa = PBXFileReference; lastKnownFileType = folder.assetcatalog; path = Assets.xcassets; sourceTree = "<group>"; };
		A83A803E271A505500D602CC /* Base */ = {isa = PBXFileReference; lastKnownFileType = file.storyboard; name = Base; path = Base.lproj/LaunchScreen.storyboard; sourceTree = "<group>"; };
		A83A8040271A505500D602CC /* Info.plist */ = {isa = PBXFileReference; lastKnownFileType = text.plist.xml; path = Info.plist; sourceTree = "<group>"; };
		A83A804D271A5AC400D602CC /* ListPokemon.swift */ = {isa = PBXFileReference; lastKnownFileType = sourcecode.swift; path = ListPokemon.swift; sourceTree = "<group>"; };
		A83A804F271A5B1800D602CC /* Pokedex.swift */ = {isa = PBXFileReference; lastKnownFileType = sourcecode.swift; path = Pokedex.swift; sourceTree = "<group>"; };
		A83A8051271A5B8100D602CC /* ViewModelPokemon.swift */ = {isa = PBXFileReference; lastKnownFileType = sourcecode.swift; path = ViewModelPokemon.swift; sourceTree = "<group>"; };
/* End PBXFileReference section */

/* Begin PBXFrameworksBuildPhase section */
		A83A802C271A505200D602CC /* Frameworks */ = {
			isa = PBXFrameworksBuildPhase;
			buildActionMask = 2147483647;
			files = (
			);
			runOnlyForDeploymentPostprocessing = 0;
		};
/* End PBXFrameworksBuildPhase section */

/* Begin PBXGroup section */
		A83A8026271A505100D602CC = {
			isa = PBXGroup;
			children = (
				A83A8031271A505200D602CC /* Lab09 */,
				A83A8030271A505200D602CC /* Products */,
			);
			sourceTree = "<group>";
		};
		A83A8030271A505200D602CC /* Products */ = {
			isa = PBXGroup;
			children = (
				A83A802F271A505200D602CC /* Lab09.app */,
			);
			name = Products;
			sourceTree = "<group>";
		};
		A83A8031271A505200D602CC /* Lab09 */ = {
			isa = PBXGroup;
			children = (
				A83A8046271A545A00D602CC /* Main */,
				A83A8040271A505500D602CC /* Info.plist */,
			);
			path = Lab09;
			sourceTree = "<group>";
		};
		A83A8046271A545A00D602CC /* Main */ = {
			isa = PBXGroup;
			children = (
				A83A804C271A5A1A00D602CC /* ViewModel */,
				A83A804B271A5A1000D602CC /* Model */,
				A83A804A271A5A0700D602CC /* View */,
				A83A8049271A59F900D602CC /* Application */,
				A83A8048271A59EE00D602CC /* Screens */,
				A83A8047271A599E00D602CC /* Resources */,
			);
			path = Main;
			sourceTree = "<group>";
		};
		A83A8047271A599E00D602CC /* Resources */ = {
			isa = PBXGroup;
			children = (
				A83A803B271A505500D602CC /* Assets.xcassets */,
			);
			path = Resources;
			sourceTree = "<group>";
		};
		A83A8048271A59EE00D602CC /* Screens */ = {
			isa = PBXGroup;
			children = (
				A83A803D271A505500D602CC /* LaunchScreen.storyboard */,
				A83A8038271A505200D602CC /* Main.storyboard */,
			);
			path = Screens;
			sourceTree = "<group>";
		};
		A83A8049271A59F900D602CC /* Application */ = {
			isa = PBXGroup;
			children = (
				A83A8032271A505200D602CC /* AppDelegate.swift */,
				A83A8034271A505200D602CC /* SceneDelegate.swift */,
			);
			path = Application;
			sourceTree = "<group>";
		};
		A83A804A271A5A0700D602CC /* View */ = {
			isa = PBXGroup;
			children = (
				A83A8036271A505200D602CC /* PokeApiViewController.swift */,
			);
			path = View;
			sourceTree = "<group>";
		};
		A83A804B271A5A1000D602CC /* Model */ = {
			isa = PBXGroup;
			children = (
				A83A804D271A5AC400D602CC /* ListPokemon.swift */,
				A83A804F271A5B1800D602CC /* Pokedex.swift */,
			);
			path = Model;
			sourceTree = "<group>";
		};
		A83A804C271A5A1A00D602CC /* ViewModel */ = {
			isa = PBXGroup;
			children = (
				A83A8051271A5B8100D602CC /* ViewModelPokemon.swift */,
			);
			path = ViewModel;
			sourceTree = "<group>";
		};
/* End PBXGroup section */

/* Begin PBXNativeTarget section */
		A83A802E271A505200D602CC /* Lab09 */ = {
			isa = PBXNativeTarget;
			buildConfigurationList = A83A8043271A505500D602CC /* Build configuration list for PBXNativeTarget "Lab09" */;
			buildPhases = (
				A83A802B271A505200D602CC /* Sources */,
				A83A802C271A505200D602CC /* Frameworks */,
				A83A802D271A505200D602CC /* Resources */,
			);
			buildRules = (
			);
			dependencies = (
			);
			name = Lab09;
			productName = Lab09;
			productReference = A83A802F271A505200D602CC /* Lab09.app */;
			productType = "com.apple.product-type.application";
		};
/* End PBXNativeTarget section */

/* Begin PBXProject section */
		A83A8027271A505100D602CC /* Project object */ = {
			isa = PBXProject;
			attributes = {
				BuildIndependentTargetsInParallel = 1;
				LastSwiftUpdateCheck = 1300;
				LastUpgradeCheck = 1300;
				TargetAttributes = {
					A83A802E271A505200D602CC = {
						CreatedOnToolsVersion = 13.0;
					};
				};
			};
			buildConfigurationList = A83A802A271A505100D602CC /* Build configuration list for PBXProject "Lab09" */;
			compatibilityVersion = "Xcode 13.0";
			developmentRegion = en;
			hasScannedForEncodings = 0;
			knownRegions = (
				en,
				Base,
			);
			mainGroup = A83A8026271A505100D602CC;
			productRefGroup = A83A8030271A505200D602CC /* Products */;
			projectDirPath = "";
			projectRoot = "";
			targets = (
				A83A802E271A505200D602CC /* Lab09 */,
			);
		};
/* End PBXProject section */

/* Begin PBXResourcesBuildPhase section */
		A83A802D271A505200D602CC /* Resources */ = {
			isa = PBXResourcesBuildPhase;
			buildActionMask = 2147483647;
			files = (
				A83A803F271A505500D602CC /* LaunchScreen.storyboard in Resources */,
				A83A803C271A505500D602CC /* Assets.xcassets in Resources */,
				A83A803A271A505200D602CC /* Main.storyboard in Resources */,
			);
			runOnlyForDeploymentPostprocessing = 0;
		};
/* End PBXResourcesBuildPhase section */

/* Begin PBXSourcesBuildPhase section */
		A83A802B271A505200D602CC /* Sources */ = {
			isa = PBXSourcesBuildPhase;
			buildActionMask = 2147483647;
			files = (
				A83A8052271A5B8100D602CC /* ViewModelPokemon.swift in Sources */,
				A83A8037271A505200D602CC /* PokeApiViewController.swift in Sources */,
				A83A804E271A5AC400D602CC /* ListPokemon.swift in Sources */,
				A83A8050271A5B1800D602CC /* Pokedex.swift in Sources */,
				A83A8033271A505200D602CC /* AppDelegate.swift in Sources */,
				A83A8035271A505200D602CC /* SceneDelegate.swift in Sources */,
			);
			runOnlyForDeploymentPostprocessing = 0;
		};
/* End PBXSourcesBuildPhase section */

/* Begin PBXVariantGroup section */
		A83A8038271A505200D602CC /* Main.storyboard */ = {
			isa = PBXVariantGroup;
			children = (
				A83A8039271A505200D602CC /* Base */,
			);
			name = Main.storyboard;
			sourceTree = "<group>";
		};
		A83A803D271A505500D602CC /* LaunchScreen.storyboard */ = {
			isa = PBXVariantGroup;
			children = (
				A83A803E271A505500D602CC /* Base */,
			);
			name = LaunchScreen.storyboard;
			sourceTree = "<group>";
		};
/* End PBXVariantGroup section */

/* Begin XCBuildConfiguration section */
		A83A8041271A505500D602CC /* Debug */ = {
			isa = XCBuildConfiguration;
			buildSettings = {
				ALWAYS_SEARCH_USER_PATHS = NO;
				CLANG_ANALYZER_NONNULL = YES;
				CLANG_ANALYZER_NUMBER_OBJECT_CONVERSION = YES_AGGRESSIVE;
				CLANG_CXX_LANGUAGE_STANDARD = "gnu++17";
				CLANG_CXX_LIBRARY = "libc++";
				CLANG_ENABLE_MODULES = YES;
				CLANG_ENABLE_OBJC_ARC = YES;
				CLANG_ENABLE_OBJC_WEAK = YES;
				CLANG_WARN_BLOCK_CAPTURE_AUTORELEASING = YES;
				CLANG_WARN_BOOL_CONVERSION = YES;
				CLANG_WARN_COMMA = YES;
				CLANG_WARN_CONSTANT_CONVERSION = YES;
				CLANG_WARN_DEPRECATED_OBJC_IMPLEMENTATIONS = YES;
				CLANG_WARN_DIRECT_OBJC_ISA_USAGE = YES_ERROR;
				CLANG_WARN_DOCUMENTATION_COMMENTS = YES;
				CLANG_WARN_EMPTY_BODY = YES;
				CLANG_WARN_ENUM_CONVERSION = YES;
				CLANG_WARN_INFINITE_RECURSION = YES;
				CLANG_WARN_INT_CONVERSION = YES;
				CLANG_WARN_NON_LITERAL_NULL_CONVERSION = YES;
				CLANG_WARN_OBJC_IMPLICIT_RETAIN_SELF = YES;
				CLANG_WARN_OBJC_LITERAL_CONVERSION = YES;
				CLANG_WARN_OBJC_ROOT_CLASS = YES_ERROR;
				CLANG_WARN_QUOTED_INCLUDE_IN_FRAMEWORK_HEADER = YES;
				CLANG_WARN_RANGE_LOOP_ANALYSIS = YES;
				CLANG_WARN_STRICT_PROTOTYPES = YES;
				CLANG_WARN_SUSPICIOUS_MOVE = YES;
				CLANG_WARN_UNGUARDED_AVAILABILITY = YES_AGGRESSIVE;
				CLANG_WARN_UNREACHABLE_CODE = YES;
				CLANG_WARN__DUPLICATE_METHOD_MATCH = YES;
				COPY_PHASE_STRIP = NO;
				DEBUG_INFORMATION_FORMAT = dwarf;
				ENABLE_STRICT_OBJC_MSGSEND = YES;
				ENABLE_TESTABILITY = YES;
				GCC_C_LANGUAGE_STANDARD = gnu11;
				GCC_DYNAMIC_NO_PIC = NO;
				GCC_NO_COMMON_BLOCKS = YES;
				GCC_OPTIMIZATION_LEVEL = 0;
				GCC_PREPROCESSOR_DEFINITIONS = (
					"DEBUG=1",
					"$(inherited)",
				);
				GCC_WARN_64_TO_32_BIT_CONVERSION = YES;
				GCC_WARN_ABOUT_RETURN_TYPE = YES_ERROR;
				GCC_WARN_UNDECLARED_SELECTOR = YES;
				GCC_WARN_UNINITIALIZED_AUTOS = YES_AGGRESSIVE;
				GCC_WARN_UNUSED_FUNCTION = YES;
				GCC_WARN_UNUSED_VARIABLE = YES;
				IPHONEOS_DEPLOYMENT_TARGET = 15.0;
				MTL_ENABLE_DEBUG_INFO = INCLUDE_SOURCE;
				MTL_FAST_MATH = YES;
				ONLY_ACTIVE_ARCH = YES;
				SDKROOT = iphoneos;
				SWIFT_ACTIVE_COMPILATION_CONDITIONS = DEBUG;
				SWIFT_OPTIMIZATION_LEVEL = "-Onone";
			};
			name = Debug;
		};
		A83A8042271A505500D602CC /* Release */ = {
			isa = XCBuildConfiguration;
			buildSettings = {
				ALWAYS_SEARCH_USER_PATHS = NO;
				CLANG_ANALYZER_NONNULL = YES;
				CLANG_ANALYZER_NUMBER_OBJECT_CONVERSION = YES_AGGRESSIVE;
				CLANG_CXX_LANGUAGE_STANDARD = "gnu++17";
				CLANG_CXX_LIBRARY = "libc++";
				CLANG_ENABLE_MODULES = YES;
				CLANG_ENABLE_OBJC_ARC = YES;
				CLANG_ENABLE_OBJC_WEAK = YES;
				CLANG_WARN_BLOCK_CAPTURE_AUTORELEASING = YES;
				CLANG_WARN_BOOL_CONVERSION = YES;
				CLANG_WARN_COMMA = YES;
				CLANG_WARN_CONSTANT_CONVERSION = YES;
				CLANG_WARN_DEPRECATED_OBJC_IMPLEMENTATIONS = YES;
				CLANG_WARN_DIRECT_OBJC_ISA_USAGE = YES_ERROR;
				CLANG_WARN_DOCUMENTATION_COMMENTS = YES;
				CLANG_WARN_EMPTY_BODY = YES;
				CLANG_WARN_ENUM_CONVERSION = YES;
				CLANG_WARN_INFINITE_RECURSION = YES;
				CLANG_WARN_INT_CONVERSION = YES;
				CLANG_WARN_NON_LITERAL_NULL_CONVERSION = YES;
				CLANG_WARN_OBJC_IMPLICIT_RETAIN_SELF = YES;
				CLANG_WARN_OBJC_LITERAL_CONVERSION = YES;
				CLANG_WARN_OBJC_ROOT_CLASS = YES_ERROR;
				CLANG_WARN_QUOTED_INCLUDE_IN_FRAMEWORK_HEADER = YES;
				CLANG_WARN_RANGE_LOOP_ANALYSIS = YES;
				CLANG_WARN_STRICT_PROTOTYPES = YES;
				CLANG_WARN_SUSPICIOUS_MOVE = YES;
				CLANG_WARN_UNGUARDED_AVAILABILITY = YES_AGGRESSIVE;
				CLANG_WARN_UNREACHABLE_CODE = YES;
				CLANG_WARN__DUPLICATE_METHOD_MATCH = YES;
				COPY_PHASE_STRIP = NO;
				DEBUG_INFORMATION_FORMAT = "dwarf-with-dsym";
				ENABLE_NS_ASSERTIONS = NO;
				ENABLE_STRICT_OBJC_MSGSEND = YES;
				GCC_C_LANGUAGE_STANDARD = gnu11;
				GCC_NO_COMMON_BLOCKS = YES;
				GCC_WARN_64_TO_32_BIT_CONVERSION = YES;
				GCC_WARN_ABOUT_RETURN_TYPE = YES_ERROR;
				GCC_WARN_UNDECLARED_SELECTOR = YES;
				GCC_WARN_UNINITIALIZED_AUTOS = YES_AGGRESSIVE;
				GCC_WARN_UNUSED_FUNCTION = YES;
				GCC_WARN_UNUSED_VARIABLE = YES;
				IPHONEOS_DEPLOYMENT_TARGET = 15.0;
				MTL_ENABLE_DEBUG_INFO = NO;
				MTL_FAST_MATH = YES;
				SDKROOT = iphoneos;
				SWIFT_COMPILATION_MODE = wholemodule;
				SWIFT_OPTIMIZATION_LEVEL = "-O";
				VALIDATE_PRODUCT = YES;
			};
			name = Release;
		};
		A83A8044271A505500D602CC /* Debug */ = {
			isa = XCBuildConfiguration;
			buildSettings = {
				ASSETCATALOG_COMPILER_APPICON_NAME = AppIcon;
				ASSETCATALOG_COMPILER_GLOBAL_ACCENT_COLOR_NAME = AccentColor;
				CODE_SIGN_STYLE = Automatic;
				CURRENT_PROJECT_VERSION = 1;
				GENERATE_INFOPLIST_FILE = YES;
				INFOPLIST_FILE = Lab09/Info.plist;
				INFOPLIST_KEY_UIApplicationSupportsIndirectInputEvents = YES;
				INFOPLIST_KEY_UILaunchStoryboardName = LaunchScreen;
				INFOPLIST_KEY_UIMainStoryboardFile = Main;
				INFOPLIST_KEY_UISupportedInterfaceOrientations_iPad = "UIInterfaceOrientationPortrait UIInterfaceOrientationPortraitUpsideDown UIInterfaceOrientationLandscapeLeft UIInterfaceOrientationLandscapeRight";
				INFOPLIST_KEY_UISupportedInterfaceOrientations_iPhone = "UIInterfaceOrientationPortrait UIInterfaceOrientationLandscapeLeft UIInterfaceOrientationLandscapeRight";
				LD_RUNPATH_SEARCH_PATHS = (
					"$(inherited)",
					"@executable_path/Frameworks",
				);
				MARKETING_VERSION = 1.0;
				PRODUCT_BUNDLE_IDENTIFIER = com.tecsup.edu.pe.Lab09;
				PRODUCT_NAME = "$(TARGET_NAME)";
				SWIFT_EMIT_LOC_STRINGS = YES;
				SWIFT_VERSION = 5.0;
				TARGETED_DEVICE_FAMILY = "1,2";
			};
			name = Debug;
		};
		A83A8045271A505500D602CC /* Release */ = {
			isa = XCBuildConfiguration;
			buildSettings = {
				ASSETCATALOG_COMPILER_APPICON_NAME = AppIcon;
				ASSETCATALOG_COMPILER_GLOBAL_ACCENT_COLOR_NAME = AccentColor;
				CODE_SIGN_STYLE = Automatic;
				CURRENT_PROJECT_VERSION = 1;
				GENERATE_INFOPLIST_FILE = YES;
				INFOPLIST_FILE = Lab09/Info.plist;
				INFOPLIST_KEY_UIApplicationSupportsIndirectInputEvents = YES;
				INFOPLIST_KEY_UILaunchStoryboardName = LaunchScreen;
				INFOPLIST_KEY_UIMainStoryboardFile = Main;
				INFOPLIST_KEY_UISupportedInterfaceOrientations_iPad = "UIInterfaceOrientationPortrait UIInterfaceOrientationPortraitUpsideDown UIInterfaceOrientationLandscapeLeft UIInterfaceOrientationLandscapeRight";
				INFOPLIST_KEY_UISupportedInterfaceOrientations_iPhone = "UIInterfaceOrientationPortrait UIInterfaceOrientationLandscapeLeft UIInterfaceOrientationLandscapeRight";
				LD_RUNPATH_SEARCH_PATHS = (
					"$(inherited)",
					"@executable_path/Frameworks",
				);
				MARKETING_VERSION = 1.0;
				PRODUCT_BUNDLE_IDENTIFIER = com.tecsup.edu.pe.Lab09;
				PRODUCT_NAME = "$(TARGET_NAME)";
				SWIFT_EMIT_LOC_STRINGS = YES;
				SWIFT_VERSION = 5.0;
				TARGETED_DEVICE_FAMILY = "1,2";
			};
			name = Release;
		};
/* End XCBuildConfiguration section */

/* Begin XCConfigurationList section */
		A83A802A271A505100D602CC /* Build configuration list for PBXProject "Lab09" */ = {
			isa = XCConfigurationList;
			buildConfigurations = (
				A83A8041271A505500D602CC /* Debug */,
				A83A8042271A505500D602CC /* Release */,
			);
			defaultConfigurationIsVisible = 0;
			defaultConfigurationName = Release;
		};
		A83A8043271A505500D602CC /* Build configuration list for PBXNativeTarget "Lab09" */ = {
			isa = XCConfigurationList;
			buildConfigurations = (
				A83A8044271A505500D602CC /* Debug */,
				A83A8045271A505500D602CC /* Release */,
			);
			defaultConfigurationIsVisible = 0;
			defaultConfigurationName = Release;
		};
/* End XCConfigurationList section */
	};
	rootObject = A83A8027271A505100D602CC /* Project object */;
}
